
Microsoft Visual Studio Solution File, Format Version 12.00
# Visual Studio Version 17
VisualStudioVersion = 17.1.32421.90
MinimumVisualStudioVersion = 10.0.40219.1
Project("{8BC9CEB8-8B4A-11D0-8D11-00A0C91BC942}") = "Sandbox", "Sandbox\Sandbox.vcxproj", "{9A72A80D-085C-4EDC-8974-98B0A70066FA}"
EndProject
Project("{8BC9CEB8-8B4A-11D0-8D11-00A0C91BC942}") = "Hazel", "Hazel\Hazel.vcxproj", "{719774DD-C652-4DF1-8EDD-C42E5065D208}"
EndProject
Global
	GlobalSection(SolutionConfigurationPlatforms) = preSolution
		Debug|x64 = Debug|x64
		Release|x64 = Release|x64
	EndGlobalSection
	GlobalSection(ProjectConfigurationPlatforms) = postSolution
		{719774DD-C652-4DF1-8EDD-C42E5065D208}.Debug|x64.ActiveCfg = Debug|x64
		{719774DD-C652-4DF1-8EDD-C42E5065D208}.Debug|x64.Build.0 = Debug|x64
		{719774DD-C652-4DF1-8EDD-C42E5065D208}.Release|x64.ActiveCfg = Release|x64
		{719774DD-C652-4DF1-8EDD-C42E5065D208}.Release|x64.Build.0 = Release|x64
		{9A72A80D-085C-4EDC-8974-98B0A70066FA}.Debug|x64.ActiveCfg = Debug|x64
		{9A72A80D-085C-4EDC-8974-98B0A70066FA}.Debug|x64.Build.0 = Debug|x64
		{9A72A80D-085C-4EDC-8974-98B0A70066FA}.Release|x64.ActiveCfg = Release|x64
		{9A72A80D-085C-4EDC-8974-98B0A70066FA}.Release|x64.Build.0 = Release|x64
	EndGlobalSection
	GlobalSection(SolutionProperties) = preSolution
		HideSolutionNode = FALSE
	EndGlobalSection
	GlobalSection(ExtensibilityGlobals) = postSolution
		SolutionGuid = {B8CE706A-0F45-4A57-9A59-F891F1F5E1FF}
	EndGlobalSection
EndGlobal
